<?xml version="1.0" encoding="utf-8"?>
<Project ToolsVersion="4.0" xmlns="http://schemas.microsoft.com/developer/msbuild/2003">
  <ItemGroup>
    <Filter Include="Fichiers sources">
      <UniqueIdentifier>{4FC737F1-C7A5-4376-A066-2A32D752A2FF}</UniqueIdentifier>
      <Extensions>cpp;c;cc;cxx;def;odl;idl;hpj;bat;asm;asmx</Extensions>
    </Filter>
    <Filter Include="Fichiers d%27en-tête">
      <UniqueIdentifier>{93995380-89BD-4b04-88EB-625FBE52EBFB}</UniqueIdentifier>
      <Extensions>h;hh;hpp;hxx;hm;inl;inc;xsd</Extensions>
    </Filter>
    <Filter Include="Fichiers de ressources">
      <UniqueIdentifier>{67DA6AB6-F800-4c08-8B7A-83BB121AAD01}</UniqueIdentifier>
      <Extensions>rc;ico;cur;bmp;dlg;rc2;rct;bin;rgs;gif;jpg;jpeg;jpe;resx;tiff;tif;png;wav;mfcribbon-ms</Extensions>
    </Filter>
    <Filter Include="Fichiers d%27en-tête\Core">
      <UniqueIdentifier>{19df2cd5-43f2-4de1-bfa0-4eef9f69ed24}</UniqueIdentifier>
    </Filter>
    <Filter Include="Fichiers d%27en-tête\State">
      <UniqueIdentifier>{bcfa79e7-7a1a-4852-8868-700a255647d4}</UniqueIdentifier>
    </Filter>
    <Filter Include="Fichiers d%27en-tête\Modules">
      <UniqueIdentifier>{126c6ad6-dbff-410e-9f81-2603b436c397}</UniqueIdentifier>
    </Filter>
    <Filter Include="Fichiers sources\Core">
      <UniqueIdentifier>{d819fe7d-675c-4a0d-8630-09070380b06d}</UniqueIdentifier>
    </Filter>
    <Filter Include="Fichiers sources\Modules">
      <UniqueIdentifier>{0015f188-4d5b-4bb4-a070-4aad9b77ff36}</UniqueIdentifier>
    </Filter>
    <Filter Include="Fichiers sources\State">
      <UniqueIdentifier>{6878e08e-7c94-4ac4-ac5f-2a0eb05676d1}</UniqueIdentifier>
    </Filter>
  </ItemGroup>
  <ItemGroup>
    <ClCompile Include="Game.cpp">
      <Filter>Fichiers sources\Core</Filter>
    </ClCompile>
    <ClCompile Include="main.cpp">
      <Filter>Fichiers sources\Core</Filter>
    </ClCompile>
    <ClCompile Include="Map.cpp">
      <Filter>Fichiers sources\Modules</Filter>
    </ClCompile>
    <ClCompile Include="Settings.cpp">
      <Filter>Fichiers sources\Modules</Filter>
    </ClCompile>
    <ClCompile Include="MainGame.cpp">
      <Filter>Fichiers sources\State</Filter>
    </ClCompile>
    <ClCompile Include="MainMenu.cpp">
      <Filter>Fichiers sources\State</Filter>
    </ClCompile>
    <ClCompile Include="SetSettings.cpp">
      <Filter>Fichiers sources\State</Filter>
    </ClCompile>
    <ClCompile Include="Camera.cpp">
      <Filter>Fichiers sources\Modules</Filter>
    </ClCompile>
    <ClCompile Include="Character.cpp">
      <Filter>Fichiers sources\Modules</Filter>
    </ClCompile>
  </ItemGroup>
  <ItemGroup>
    <ClInclude Include="Game.h">
      <Filter>Fichiers d%27en-tête\Core</Filter>
    </ClInclude>
    <ClInclude Include="State.h">
      <Filter>Fichiers d%27en-tête\Core</Filter>
    </ClInclude>
    <ClInclude Include="MainGame.h">
      <Filter>Fichiers d%27en-tête\State</Filter>
    </ClInclude>
    <ClInclude Include="MainMenu.h">
      <Filter>Fichiers d%27en-tête\State</Filter>
    </ClInclude>
    <ClInclude Include="SetSettings.h">
      <Filter>Fichiers d%27en-tête\State</Filter>
    </ClInclude>
    <ClInclude Include="Map.h">
      <Filter>Fichiers d%27en-tête\Modules</Filter>
    </ClInclude>
    <ClInclude Include="Settings.h">
      <Filter>Fichiers d%27en-tête\Modules</Filter>
    </ClInclude>
    <ClInclude Include="Camera.h">
      <Filter>Fichiers d%27en-tête\Modules</Filter>
    </ClInclude>
    <ClInclude Include="Character.h">
      <Filter>Fichiers d%27en-tête\Modules</Filter>
    </ClInclude>
  </ItemGroup>
</Project>